
Microsoft Visual Studio Solution File, Format Version 12.00
# Visual Studio Version 17
VisualStudioVersion = 17.10.35122.118
MinimumVisualStudioVersion = 10.0.40219.1
Project("{FAE04EC0-301F-11D3-BF4B-00C04F79EFBC}") = "BackPropagation", "BackPropagation\BackPropagation.csproj", "{480EA1AA-E410-435B-B12D-712E47DB7A41}"
EndProject
Global
	GlobalSection(SolutionConfigurationPlatforms) = preSolution
		Debug|Any CPU = Debug|Any CPU
		Release|Any CPU = Release|Any CPU
	EndGlobalSection
	GlobalSection(ProjectConfigurationPlatforms) = postSolution
		{480EA1AA-E410-435B-B12D-712E47DB7A41}.Debug|Any CPU.ActiveCfg = Debug|Any CPU
		{480EA1AA-E410-435B-B12D-712E47DB7A41}.Debug|Any CPU.Build.0 = Debug|Any CPU
		{480EA1AA-E410-435B-B12D-712E47DB7A41}.Release|Any CPU.ActiveCfg = Release|Any CPU
		{480EA1AA-E410-435B-B12D-712E47DB7A41}.Release|Any CPU.Build.0 = Release|Any CPU
	EndGlobalSection
	GlobalSection(SolutionProperties) = preSolution
		HideSolutionNode = FALSE
	EndGlobalSection
	GlobalSection(ExtensibilityGlobals) = postSolution
		SolutionGuid = {566CE4DE-A4CB-42A9-AA62-8F9B3AF9E35A}
	EndGlobalSection
EndGlobal
